
Microsoft Visual Studio Solution File, Format Version 12.00
Project("{FAE04EC0-301F-11D3-BF4B-00C04F79EFBC}") = "GFT.Bot.Api", "GFT.Bot.Api\GFT.Bot.Api.csproj", "{320248CE-FF21-472C-8DB7-F40A4DEFB5EB}"
EndProject
Global
	GlobalSection(SolutionConfigurationPlatforms) = preSolution
		Debug|Any CPU = Debug|Any CPU
		Release|Any CPU = Release|Any CPU
	EndGlobalSection
	GlobalSection(ProjectConfigurationPlatforms) = postSolution
		{320248CE-FF21-472C-8DB7-F40A4DEFB5EB}.Debug|Any CPU.ActiveCfg = Debug|Any CPU
		{320248CE-FF21-472C-8DB7-F40A4DEFB5EB}.Debug|Any CPU.Build.0 = Debug|Any CPU
		{320248CE-FF21-472C-8DB7-F40A4DEFB5EB}.Release|Any CPU.ActiveCfg = Release|Any CPU
		{320248CE-FF21-472C-8DB7-F40A4DEFB5EB}.Release|Any CPU.Build.0 = Release|Any CPU
	EndGlobalSection
EndGlobal
